
Microsoft Visual Studio Solution File, Format Version 12.00
# Visual Studio Version 17
VisualStudioVersion = 17.9.34616.47
MinimumVisualStudioVersion = 10.0.40219.1
Project("{9A19103F-16F7-4668-BE54-9A1E7A4F7556}") = "Tileset Converter MV", "Project\Tileset Converter MV.csproj", "{AE85D899-815B-44EB-9B5F-E0277BD80D8C}"
EndProject
Project("{9A19103F-16F7-4668-BE54-9A1E7A4F7556}") = "Tests", "Tests\Tests.csproj", "{6497FF5F-B286-467A-B5CA-C09B793D8A1A}"
EndProject
Project("{FAE04EC0-301F-11D3-BF4B-00C04F79EFBC}") = "Lib", "Lib\Lib.csproj", "{5F1F8834-D43C-4393-8E82-919F06624337}"
EndProject
Global
	GlobalSection(SolutionConfigurationPlatforms) = preSolution
		Debug|Any CPU = Debug|Any CPU
		Release|Any CPU = Release|Any CPU
	EndGlobalSection
	GlobalSection(ProjectConfigurationPlatforms) = postSolution
		{AE85D899-815B-44EB-9B5F-E0277BD80D8C}.Debug|Any CPU.ActiveCfg = Debug|Any CPU
		{AE85D899-815B-44EB-9B5F-E0277BD80D8C}.Debug|Any CPU.Build.0 = Debug|Any CPU
		{AE85D899-815B-44EB-9B5F-E0277BD80D8C}.Release|Any CPU.ActiveCfg = Release|Any CPU
		{AE85D899-815B-44EB-9B5F-E0277BD80D8C}.Release|Any CPU.Build.0 = Release|Any CPU
		{6497FF5F-B286-467A-B5CA-C09B793D8A1A}.Debug|Any CPU.ActiveCfg = Debug|Any CPU
		{6497FF5F-B286-467A-B5CA-C09B793D8A1A}.Debug|Any CPU.Build.0 = Debug|Any CPU
		{6497FF5F-B286-467A-B5CA-C09B793D8A1A}.Release|Any CPU.ActiveCfg = Release|Any CPU
		{6497FF5F-B286-467A-B5CA-C09B793D8A1A}.Release|Any CPU.Build.0 = Release|Any CPU
		{5F1F8834-D43C-4393-8E82-919F06624337}.Debug|Any CPU.ActiveCfg = Debug|Any CPU
		{5F1F8834-D43C-4393-8E82-919F06624337}.Debug|Any CPU.Build.0 = Debug|Any CPU
		{5F1F8834-D43C-4393-8E82-919F06624337}.Release|Any CPU.ActiveCfg = Release|Any CPU
		{5F1F8834-D43C-4393-8E82-919F06624337}.Release|Any CPU.Build.0 = Release|Any CPU
	EndGlobalSection
	GlobalSection(SolutionProperties) = preSolution
		HideSolutionNode = FALSE
	EndGlobalSection
	GlobalSection(ExtensibilityGlobals) = postSolution
		SolutionGuid = {9EF6AE0F-0643-44E7-85A1-EB1EC6ABCDC5}
	EndGlobalSection
EndGlobal
